{
  "originHash" : "0a3ded7110ff388a7a99d35d19f4be90b1256587f9679fe2307679ccbcdb3137",
  "pins" : [
    {
      "identity" : "audiokit",
      "kind" : "remoteSourceControl",
      "location" : "https://github.com/AudioKit/AudioKit.git",
      "state" : {
        "revision" : "2ebd422855e4645d3169f83d1765d1c8196b4f46",
        "version" : "5.6.4"
      }
    },
    {
      "identity" : "swiftui-flow",
      "kind" : "remoteSourceControl",
      "location" : "https://github.com/tevelee/SwiftUI-Flow.git",
      "state" : {
        "revision" : "5b2f4b3373ff5ba6a8a1666d52ebfd9dc6c0e10b",
        "version" : "3.0.1"
      }
    },
    {
      "identity" : "swiftui-introspect",
      "kind" : "remoteSourceControl",
      "location" : "https://github.com/siteline/swiftui-introspect.git",
      "state" : {
        "revision" : "807f73ce09a9b9723f12385e592b4e0aaebd3336",
        "version" : "1.3.0"
      }
    },
    {
      "identity" : "swiftui-navigation-transitions",
      "kind" : "remoteSourceControl",
      "location" : "https://github.com/davdroman/swiftui-navigation-transitions.git",
      "state" : {
        "revision" : "76ae9c621422a1f38c30a07c8b7636994b669484",
        "version" : "0.14.0"
      }
    },
    {
      "identity" : "swiftwhisper",
      "kind" : "remoteSourceControl",
      "location" : "https://github.com/exPHAT/SwiftWhisper.git",
      "state" : {
        "revision" : "a192004db08de7c6eaa169eede77f1625e7d23fb",
        "version" : "1.2.0"
      }
    },
    {
      "identity" : "swipeactions",
      "kind" : "remoteSourceControl",
      "location" : "https://github.com/aheze/SwipeActions.git",
      "state" : {
        "revision" : "41e6f6dce02d8cfa164f8c5461a41340850ca3ab",
        "version" : "1.1.0"
      }
    }
  ],
  "version" : 3
}
