{
  "originHash" : "0f1d72b74f14fb4dd3df9136460e062200fcb90f7072083957fef122e8538cb3",
  "pins" : [
    {
      "identity" : "audiokit",
      "kind" : "remoteSourceControl",
      "location" : "https://github.com/AudioKit/AudioKit.git",
      "state" : {
        "revision" : "5b3fd238ef8ee95c9842ca4ea83ca58ee151e630",
        "version" : "5.6.5"
      }
    },
    {
      "identity" : "audiokitex",
      "kind" : "remoteSourceControl",
      "location" : "https://github.com/AudioKit/AudioKitEX.git",
      "state" : {
        "revision" : "23e8e3bffd9fbc1dffa72f1d47c7f714dd777288",
        "version" : "5.6.2"
      }
    },
    {
      "identity" : "audiokitui",
      "kind" : "remoteSourceControl",
      "location" : "https://github.com/AudioKit/AudioKitUI.git",
      "state" : {
        "revision" : "1a61e8a96c7ee24c3e5abe06dc3334a31fd7571d",
        "version" : "0.3.7"
      }
    },
    {
      "identity" : "autoresizingsheet",
      "kind" : "remoteSourceControl",
      "location" : "https://github.com/benedom/AutoResizingSheet",
      "state" : {
        "revision" : "131c20853019f6a7be710f04d666bcc416512672",
        "version" : "1.0.5"
      }
    },
    {
      "identity" : "controls",
      "kind" : "remoteSourceControl",
      "location" : "https://github.com/AudioKit/Controls.git",
      "state" : {
        "revision" : "4dd10370125af7f1e26d7a71b2c5929bb3c95087",
        "version" : "1.1.4"
      }
    },
    {
      "identity" : "llm.swift",
      "kind" : "remoteSourceControl",
      "location" : "https://github.com/eastriverlee/LLM.swift/",
      "state" : {
        "branch" : "main",
        "revision" : "7584d0736fce6ec032ab357ee63a8e7b00c64d96"
      }
    },
    {
      "identity" : "reorderable",
      "kind" : "remoteSourceControl",
      "location" : "https://github.com/visfitness/reorderable",
      "state" : {
        "revision" : "25319647c88b1872b17f9cedc1424f0626c11f77",
        "version" : "1.3.1"
      }
    },
    {
      "identity" : "swiftui-flow",
      "kind" : "remoteSourceControl",
      "location" : "https://github.com/tevelee/SwiftUI-Flow.git",
      "state" : {
        "revision" : "fd755bc852c738d3b726c6a28fc4640c9a74876f",
        "version" : "3.0.2"
      }
    },
    {
      "identity" : "swiftui-introspect",
      "kind" : "remoteSourceControl",
      "location" : "https://github.com/siteline/swiftui-introspect.git",
      "state" : {
        "revision" : "807f73ce09a9b9723f12385e592b4e0aaebd3336",
        "version" : "1.3.0"
      }
    },
    {
      "identity" : "swiftui-navigation-transitions",
      "kind" : "remoteSourceControl",
      "location" : "https://github.com/davdroman/swiftui-navigation-transitions.git",
      "state" : {
        "revision" : "76ae9c621422a1f38c30a07c8b7636994b669484",
        "version" : "0.14.0"
      }
    },
    {
      "identity" : "swiftwhisper",
      "kind" : "remoteSourceControl",
      "location" : "https://github.com/exPHAT/SwiftWhisper.git",
      "state" : {
        "revision" : "a192004db08de7c6eaa169eede77f1625e7d23fb",
        "version" : "1.2.0"
      }
    },
    {
      "identity" : "swipeactions",
      "kind" : "remoteSourceControl",
      "location" : "https://github.com/aheze/SwipeActions.git",
      "state" : {
        "revision" : "41e6f6dce02d8cfa164f8c5461a41340850ca3ab",
        "version" : "1.1.0"
      }
    }
  ],
  "version" : 3
}
